
Microsoft Visual Studio Solution File, Format Version 12.00
# Visual Studio Version 17
VisualStudioVersion = 17.9.34622.214
MinimumVisualStudioVersion = 10.0.40219.1
Project("{FAE04EC0-301F-11D3-BF4B-00C04F79EFBC}") = "MyConsoleProject.cs", "MyConsoleProject.cs\MyConsoleProject.cs.csproj", "{2BBFF2FC-3341-4E7B-9F79-BF271170A94E}"
EndProject
Global
	GlobalSection(SolutionConfigurationPlatforms) = preSolution
		Debug|Any CPU = Debug|Any CPU
		Release|Any CPU = Release|Any CPU
	EndGlobalSection
	GlobalSection(ProjectConfigurationPlatforms) = postSolution
		{2BBFF2FC-3341-4E7B-9F79-BF271170A94E}.Debug|Any CPU.ActiveCfg = Debug|Any CPU
		{2BBFF2FC-3341-4E7B-9F79-BF271170A94E}.Debug|Any CPU.Build.0 = Debug|Any CPU
		{2BBFF2FC-3341-4E7B-9F79-BF271170A94E}.Release|Any CPU.ActiveCfg = Release|Any CPU
		{2BBFF2FC-3341-4E7B-9F79-BF271170A94E}.Release|Any CPU.Build.0 = Release|Any CPU
	EndGlobalSection
	GlobalSection(SolutionProperties) = preSolution
		HideSolutionNode = FALSE
	EndGlobalSection
	GlobalSection(ExtensibilityGlobals) = postSolution
		SolutionGuid = {D9A65DC0-17D6-447E-8C71-EDAC12CD9FD8}
	EndGlobalSection
EndGlobal
